
Microsoft Visual Studio Solution File, Format Version 12.00
# Visual Studio Version 17
VisualStudioVersion = 17.3.32819.101
MinimumVisualStudioVersion = 10.0.40219.1
Project("{9A19103F-16F7-4668-BE54-9A1E7A4F7556}") = "CalculoCDB.WebApi", "CalculoCDB.WebApi\CalculoCDB.WebApi.csproj", "{31DE8F9F-5FAF-4338-BF6A-02814D322621}"
EndProject
Project("{9A19103F-16F7-4668-BE54-9A1E7A4F7556}") = "CalculoCDB.Domain", "CalculoCDB.Domain\CalculoCDB.Domain.csproj", "{B48D3AD1-CD13-43C6-8AEE-057DC8CF224D}"
EndProject
Project("{9A19103F-16F7-4668-BE54-9A1E7A4F7556}") = "CalculoCDB.Application", "CalculoCDB.Application\CalculoCDB.Application.csproj", "{44B290E5-3B4E-4888-A604-848AE4360115}"
EndProject
Project("{9A19103F-16F7-4668-BE54-9A1E7A4F7556}") = "CalculoCDB.Tests", "CalculoCDB.Tests\CalculoCDB.Tests.csproj", "{95412351-90CC-4404-8DC7-E570E16FE502}"
EndProject
Global
	GlobalSection(SolutionConfigurationPlatforms) = preSolution
		Debug|Any CPU = Debug|Any CPU
		Release|Any CPU = Release|Any CPU
	EndGlobalSection
	GlobalSection(ProjectConfigurationPlatforms) = postSolution
		{31DE8F9F-5FAF-4338-BF6A-02814D322621}.Debug|Any CPU.ActiveCfg = Debug|Any CPU
		{31DE8F9F-5FAF-4338-BF6A-02814D322621}.Debug|Any CPU.Build.0 = Debug|Any CPU
		{31DE8F9F-5FAF-4338-BF6A-02814D322621}.Release|Any CPU.ActiveCfg = Release|Any CPU
		{31DE8F9F-5FAF-4338-BF6A-02814D322621}.Release|Any CPU.Build.0 = Release|Any CPU
		{B48D3AD1-CD13-43C6-8AEE-057DC8CF224D}.Debug|Any CPU.ActiveCfg = Debug|Any CPU
		{B48D3AD1-CD13-43C6-8AEE-057DC8CF224D}.Debug|Any CPU.Build.0 = Debug|Any CPU
		{B48D3AD1-CD13-43C6-8AEE-057DC8CF224D}.Release|Any CPU.ActiveCfg = Release|Any CPU
		{B48D3AD1-CD13-43C6-8AEE-057DC8CF224D}.Release|Any CPU.Build.0 = Release|Any CPU
		{44B290E5-3B4E-4888-A604-848AE4360115}.Debug|Any CPU.ActiveCfg = Debug|Any CPU
		{44B290E5-3B4E-4888-A604-848AE4360115}.Debug|Any CPU.Build.0 = Debug|Any CPU
		{44B290E5-3B4E-4888-A604-848AE4360115}.Release|Any CPU.ActiveCfg = Release|Any CPU
		{44B290E5-3B4E-4888-A604-848AE4360115}.Release|Any CPU.Build.0 = Release|Any CPU
		{95412351-90CC-4404-8DC7-E570E16FE502}.Debug|Any CPU.ActiveCfg = Debug|Any CPU
		{95412351-90CC-4404-8DC7-E570E16FE502}.Debug|Any CPU.Build.0 = Debug|Any CPU
		{95412351-90CC-4404-8DC7-E570E16FE502}.Release|Any CPU.ActiveCfg = Release|Any CPU
		{95412351-90CC-4404-8DC7-E570E16FE502}.Release|Any CPU.Build.0 = Release|Any CPU
	EndGlobalSection
	GlobalSection(SolutionProperties) = preSolution
		HideSolutionNode = FALSE
	EndGlobalSection
	GlobalSection(ExtensibilityGlobals) = postSolution
		SolutionGuid = {939E30C9-C1AC-4AA9-A6C8-79F0BC5564D1}
	EndGlobalSection
EndGlobal
